{
  "originHash" : "add41a8f16afa5ad97975d6af44140699c0d6e467770fd1d464244881fd0b720",
  "pins" : [
    {
      "identity" : "omnie-dev-editor-engine",
      "kind" : "remoteSourceControl",
      "location" : "https://github.com/wckdboy/omnie-dev-editor-engine",
      "state" : {
        "revision" : "6f6c3c8725d6dd082bacefa82084dba7c49b7acd",
        "version" : "0.6.9"
      }
    },
    {
      "identity" : "tree-sitter",
      "kind" : "remoteSourceControl",
      "location" : "https://github.com/tree-sitter/tree-sitter",
      "state" : {
        "revision" : "d97971e24500218865c05ed1febdee2acf41bae1",
        "version" : "0.26.13"
      }
    }
  ],
  "version" : 3
}
