{
  "originHash" : "3f296a5ab4b903d3eb757f38dde947fede3b20e032d103be64607a50bcb09248",
  "pins" : [
    {
      "identity" : "omnie-dev-editor-engine",
      "kind" : "remoteSourceControl",
      "location" : "https://github.com/wckdboy/omnie-dev-editor-engine",
      "state" : {
        "revision" : "dcfd8bd6311b84b32c6b511497394d4a3fc21421",
        "version" : "0.6.3"
      }
    },
    {
      "identity" : "tree-sitter",
      "kind" : "remoteSourceControl",
      "location" : "https://github.com/tree-sitter/tree-sitter",
      "state" : {
        "revision" : "d97971e24500218865c05ed1febdee2acf41bae1",
        "version" : "0.26.13"
      }
    }
  ],
  "version" : 3
}
