{
  "originHash" : "84f804d92bb63bf5c7ee40e45d87fa5e6e9f3137bc8c394c60e97b2843d71504",
  "pins" : [
    {
      "identity" : "omnie-dev-editor-engine",
      "kind" : "remoteSourceControl",
      "location" : "https://github.com/wckdboy/omnie-dev-editor-engine",
      "state" : {
        "revision" : "7a6205e930de38184648c32243ea0589658c9e88",
        "version" : "0.6.7"
      }
    },
    {
      "identity" : "tree-sitter",
      "kind" : "remoteSourceControl",
      "location" : "https://github.com/tree-sitter/tree-sitter",
      "state" : {
        "revision" : "d97971e24500218865c05ed1febdee2acf41bae1",
        "version" : "0.26.13"
      }
    }
  ],
  "version" : 3
}
